github.com/davecgh/go-spew v1.1.1 h1:vj9j/u1bqnvCEfJOwUhtlOARqs3+rkHYY13jYWTU97c=
github.com/davecgh/go-spew v1.1.1/go.mod h1:J7Y8YcW2NihsgmVo/mv3lAwl/skON4iLHjSsI+c5H38=
github.com/gempir/go-twitch-irc v1.1.0 h1:Q9gQGI/3yJzYwlYDlFsGJzWfpaqubMExfmBXNpOC6W0=
github.com/gempir/go-twitch-irc v1.1.0/go.mod h1:Pc661rsUSmkQXvI9W2bNyLt4ZrMAgHZPnVwMQEJ0fdo=
github.com/gempir/go-twitch-irc/v2 v2.2.1 h1:jMiEgw6zzrgiz4viG7lgj148J6enLls5aicF+zsi1bk=
github.com/gempir/go-twitch-irc/v2 v2.2.1/go.mod h1:0HXoEr9l7gNjwajosptV0w0xGpHeU6gsD7JDlfvjTYI=
